// !$*UTF8*$!
{
	archiveVersion = 1;
	classes = {
	};
	objectVersion = 56;
	objects = {

/* Begin PBXBuildFile section */
		C52BBB4F2C55D98900B63A7E /* CoreData.framework in Frameworks */ = {isa = PBXBuildFile; fileRef = C52BBB4E2C55D98900B63A7E /* CoreData.framework */; };
		C52BBB552C55D9B400B63A7E /* Model.xcdatamodeld in Sources */ = {isa = PBXBuildFile; fileRef = C52BBB532C55D9B400B63A7E /* Model.xcdatamodeld */; };
		C53511352BEAFD9900766819 /* AI_Health_AssistantApp.swift in Sources */ = {isa = PBXBuildFile; fileRef = C53511342BEAFD9900766819 /* AI_Health_AssistantApp.swift */; };
		C53511372BEAFD9900766819 /* ChatBotView.swift in Sources */ = {isa = PBXBuildFile; fileRef = C53511362BEAFD9900766819 /* ChatBotView.swift */; };
		C53511392BEAFD9A00766819 /* Assets.xcassets in Resources */ = {isa = PBXBuildFile; fileRef = C53511382BEAFD9A00766819 /* Assets.xcassets */; };
		C535113D2BEAFD9A00766819 /* Preview Assets.xcassets in Resources */ = {isa = PBXBuildFile; fileRef = C535113C2BEAFD9A00766819 /* Preview Assets.xcassets */; };
		C53511472BEAFD9A00766819 /* AI_Health_AssistantTests.swift in Sources */ = {isa = PBXBuildFile; fileRef = C53511462BEAFD9A00766819 /* AI_Health_AssistantTests.swift */; };
		C53511512BEAFD9A00766819 /* AI_Health_AssistantUITests.swift in Sources */ = {isa = PBXBuildFile; fileRef = C53511502BEAFD9A00766819 /* AI_Health_AssistantUITests.swift */; };
		C53511532BEAFD9A00766819 /* AI_Health_AssistantUITestsLaunchTests.swift in Sources */ = {isa = PBXBuildFile; fileRef = C53511522BEAFD9A00766819 /* AI_Health_AssistantUITestsLaunchTests.swift */; };
		C53511602BEB01B000766819 /* ChatGPTAPIClient.swift in Sources */ = {isa = PBXBuildFile; fileRef = C535115F2BEB01B000766819 /* ChatGPTAPIClient.swift */; };
		C54CD7A72C5D9AC6001E749B /* HeaderView.swift in Sources */ = {isa = PBXBuildFile; fileRef = C54CD7A62C5D9AC6001E749B /* HeaderView.swift */; };
		C54CD7A92C5D9AD6001E749B /* ChatView.swift in Sources */ = {isa = PBXBuildFile; fileRef = C54CD7A82C5D9AD6001E749B /* ChatView.swift */; };
		C54CD7AB2C5D9AF6001E749B /* InputView.swift in Sources */ = {isa = PBXBuildFile; fileRef = C54CD7AA2C5D9AF6001E749B /* InputView.swift */; };
		C54CD7AD2C5D9B8B001E749B /* Message.swift in Sources */ = {isa = PBXBuildFile; fileRef = C54CD7AC2C5D9B8B001E749B /* Message.swift */; };
		C54CD7AF2C5D9C35001E749B /* MessageView.swift in Sources */ = {isa = PBXBuildFile; fileRef = C54CD7AE2C5D9C35001E749B /* MessageView.swift */; };
		C54CD7B12C5D9C49001E749B /* TypingIndicatorView.swift in Sources */ = {isa = PBXBuildFile; fileRef = C54CD7B02C5D9C49001E749B /* TypingIndicatorView.swift */; };
		C54CD7B32C5D9CFD001E749B /* AIResponseView.swift in Sources */ = {isa = PBXBuildFile; fileRef = C54CD7B22C5D9CFD001E749B /* AIResponseView.swift */; };
		C54CD7B82C5DC3CA001E749B /* JosefinSans-VariableFont_wght.ttf in Resources */ = {isa = PBXBuildFile; fileRef = C54CD7B72C5DC3CA001E749B /* JosefinSans-VariableFont_wght.ttf */; };
		C54CD7BB2C5E8868001E749B /* ActiveAgentsManager.swift in Sources */ = {isa = PBXBuildFile; fileRef = C54CD7BA2C5E8868001E749B /* ActiveAgentsManager.swift */; };
		C54CD7BD2C5E8C3A001E749B /* HeartRateAnimationView.swift in Sources */ = {isa = PBXBuildFile; fileRef = C54CD7BC2C5E8C3A001E749B /* HeartRateAnimationView.swift */; };
		C54CD7BF2C5F098C001E749B /* Config.plist in Resources */ = {isa = PBXBuildFile; fileRef = C54CD7BE2C5F098C001E749B /* Config.plist */; };
		C59F3D1B2C565CDE0047D394 /* HeartRateData+CoreDataClass.swift in Sources */ = {isa = PBXBuildFile; fileRef = C59F3D132C565CDE0047D394 /* HeartRateData+CoreDataClass.swift */; };
		C59F3D1C2C565CDE0047D394 /* HeartRateData+CoreDataProperties.swift in Sources */ = {isa = PBXBuildFile; fileRef = C59F3D142C565CDE0047D394 /* HeartRateData+CoreDataProperties.swift */; };
		C59F3D1D2C565CDE0047D394 /* StepData+CoreDataClass.swift in Sources */ = {isa = PBXBuildFile; fileRef = C59F3D152C565CDE0047D394 /* StepData+CoreDataClass.swift */; };
		C59F3D1E2C565CDE0047D394 /* StepData+CoreDataProperties.swift in Sources */ = {isa = PBXBuildFile; fileRef = C59F3D162C565CDE0047D394 /* StepData+CoreDataProperties.swift */; };
		C59F3D1F2C565CDE0047D394 /* Metadata+CoreDataClass.swift in Sources */ = {isa = PBXBuildFile; fileRef = C59F3D172C565CDE0047D394 /* Metadata+CoreDataClass.swift */; };
		C59F3D202C565CDE0047D394 /* Metadata+CoreDataProperties.swift in Sources */ = {isa = PBXBuildFile; fileRef = C59F3D182C565CDE0047D394 /* Metadata+CoreDataProperties.swift */; };
		C59F3D212C565CDE0047D394 /* SleepData+CoreDataClass.swift in Sources */ = {isa = PBXBuildFile; fileRef = C59F3D192C565CDE0047D394 /* SleepData+CoreDataClass.swift */; };
		C59F3D222C565CDE0047D394 /* SleepData+CoreDataProperties.swift in Sources */ = {isa = PBXBuildFile; fileRef = C59F3D1A2C565CDE0047D394 /* SleepData+CoreDataProperties.swift */; };
		C59F3D242C565D240047D394 /* CoreDataStack.swift in Sources */ = {isa = PBXBuildFile; fileRef = C59F3D232C565D240047D394 /* CoreDataStack.swift */; };
		C59F3D282C5661600047D394 /* QueryHelper.swift in Sources */ = {isa = PBXBuildFile; fileRef = C59F3D272C5661600047D394 /* QueryHelper.swift */; };
		C59F3D2A2C5661D10047D394 /* QueryHandler.swift in Sources */ = {isa = PBXBuildFile; fileRef = C59F3D292C5661D10047D394 /* QueryHandler.swift */; };
		C59F3D2C2C5663B40047D394 /* HealthKitAgent.swift in Sources */ = {isa = PBXBuildFile; fileRef = C59F3D2B2C5663B40047D394 /* HealthKitAgent.swift */; };
		C5E58B952C0E754400C93FC6 /* HeartRateAgent.swift in Sources */ = {isa = PBXBuildFile; fileRef = C5E58B942C0E754400C93FC6 /* HeartRateAgent.swift */; };
		C5E58B972C0E8A7200C93FC6 /* WorkoutsAgent.swift in Sources */ = {isa = PBXBuildFile; fileRef = C5E58B962C0E8A7200C93FC6 /* WorkoutsAgent.swift */; };
/* End PBXBuildFile section */

/* Begin PBXContainerItemProxy section */
		C53511432BEAFD9A00766819 /* PBXContainerItemProxy */ = {
			isa = PBXContainerItemProxy;
			containerPortal = C53511292BEAFD9900766819 /* Project object */;
			proxyType = 1;
			remoteGlobalIDString = C53511302BEAFD9900766819;
			remoteInfo = "AI Health Assistant";
		};
		C535114D2BEAFD9A00766819 /* PBXContainerItemProxy */ = {
			isa = PBXContainerItemProxy;
			containerPortal = C53511292BEAFD9900766819 /* Project object */;
			proxyType = 1;
			remoteGlobalIDString = C53511302BEAFD9900766819;
			remoteInfo = "AI Health Assistant";
		};
/* End PBXContainerItemProxy section */

/* Begin PBXFileReference section */
		C52BBB4E2C55D98900B63A7E /* CoreData.framework */ = {isa = PBXFileReference; lastKnownFileType = wrapper.framework; name = CoreData.framework; path = Platforms/iPhoneOS.platform/Developer/SDKs/iPhoneOS17.0.sdk/System/Library/Frameworks/CoreData.framework; sourceTree = DEVELOPER_DIR; };
		C52BBB542C55D9B400B63A7E /* Model.xcdatamodel */ = {isa = PBXFileReference; lastKnownFileType = wrapper.xcdatamodel; path = Model.xcdatamodel; sourceTree = "<group>"; };
		C53511312BEAFD9900766819 /* AI Health Assistant.app */ = {isa = PBXFileReference; explicitFileType = wrapper.application; includeInIndex = 0; path = "AI Health Assistant.app"; sourceTree = BUILT_PRODUCTS_DIR; };
		C53511342BEAFD9900766819 /* AI_Health_AssistantApp.swift */ = {isa = PBXFileReference; lastKnownFileType = sourcecode.swift; path = AI_Health_AssistantApp.swift; sourceTree = "<group>"; };
		C53511362BEAFD9900766819 /* ChatBotView.swift */ = {isa = PBXFileReference; lastKnownFileType = sourcecode.swift; path = ChatBotView.swift; sourceTree = "<group>"; };
		C53511382BEAFD9A00766819 /* Assets.xcassets */ = {isa = PBXFileReference; lastKnownFileType = folder.assetcatalog; path = Assets.xcassets; sourceTree = "<group>"; };
		C535113A2BEAFD9A00766819 /* AI_Health_Assistant.entitlements */ = {isa = PBXFileReference; lastKnownFileType = text.plist.entitlements; path = AI_Health_Assistant.entitlements; sourceTree = "<group>"; };
		C535113C2BEAFD9A00766819 /* Preview Assets.xcassets */ = {isa = PBXFileReference; lastKnownFileType = folder.assetcatalog; path = "Preview Assets.xcassets"; sourceTree = "<group>"; };
		C53511422BEAFD9A00766819 /* AI Health AssistantTests.xctest */ = {isa = PBXFileReference; explicitFileType = wrapper.cfbundle; includeInIndex = 0; path = "AI Health AssistantTests.xctest"; sourceTree = BUILT_PRODUCTS_DIR; };
		C53511462BEAFD9A00766819 /* AI_Health_AssistantTests.swift */ = {isa = PBXFileReference; lastKnownFileType = sourcecode.swift; path = AI_Health_AssistantTests.swift; sourceTree = "<group>"; };
		C535114C2BEAFD9A00766819 /* AI Health AssistantUITests.xctest */ = {isa = PBXFileReference; explicitFileType = wrapper.cfbundle; includeInIndex = 0; path = "AI Health AssistantUITests.xctest"; sourceTree = BUILT_PRODUCTS_DIR; };
		C53511502BEAFD9A00766819 /* AI_Health_AssistantUITests.swift */ = {isa = PBXFileReference; lastKnownFileType = sourcecode.swift; path = AI_Health_AssistantUITests.swift; sourceTree = "<group>"; };
		C53511522BEAFD9A00766819 /* AI_Health_AssistantUITestsLaunchTests.swift */ = {isa = PBXFileReference; lastKnownFileType = sourcecode.swift; path = AI_Health_AssistantUITestsLaunchTests.swift; sourceTree = "<group>"; };
		C535115F2BEB01B000766819 /* ChatGPTAPIClient.swift */ = {isa = PBXFileReference; lastKnownFileType = sourcecode.swift; path = ChatGPTAPIClient.swift; sourceTree = "<group>"; };
		C54CD7A62C5D9AC6001E749B /* HeaderView.swift */ = {isa = PBXFileReference; lastKnownFileType = sourcecode.swift; path = HeaderView.swift; sourceTree = "<group>"; };
		C54CD7A82C5D9AD6001E749B /* ChatView.swift */ = {isa = PBXFileReference; lastKnownFileType = sourcecode.swift; path = ChatView.swift; sourceTree = "<group>"; };
		C54CD7AA2C5D9AF6001E749B /* InputView.swift */ = {isa = PBXFileReference; lastKnownFileType = sourcecode.swift; path = InputView.swift; sourceTree = "<group>"; };
		C54CD7AC2C5D9B8B001E749B /* Message.swift */ = {isa = PBXFileReference; lastKnownFileType = sourcecode.swift; path = Message.swift; sourceTree = "<group>"; };
		C54CD7AE2C5D9C35001E749B /* MessageView.swift */ = {isa = PBXFileReference; lastKnownFileType = sourcecode.swift; path = MessageView.swift; sourceTree = "<group>"; };
		C54CD7B02C5D9C49001E749B /* TypingIndicatorView.swift */ = {isa = PBXFileReference; lastKnownFileType = sourcecode.swift; path = TypingIndicatorView.swift; sourceTree = "<group>"; };
		C54CD7B22C5D9CFD001E749B /* AIResponseView.swift */ = {isa = PBXFileReference; lastKnownFileType = sourcecode.swift; path = AIResponseView.swift; sourceTree = "<group>"; };
		C54CD7B72C5DC3CA001E749B /* JosefinSans-VariableFont_wght.ttf */ = {isa = PBXFileReference; lastKnownFileType = file; path = "JosefinSans-VariableFont_wght.ttf"; sourceTree = "<group>"; };
		C54CD7B92C5DC40D001E749B /* AI-Health-Assistant-Info.plist */ = {isa = PBXFileReference; lastKnownFileType = text.plist; path = "AI-Health-Assistant-Info.plist"; sourceTree = SOURCE_ROOT; };
		C54CD7BA2C5E8868001E749B /* ActiveAgentsManager.swift */ = {isa = PBXFileReference; lastKnownFileType = sourcecode.swift; path = ActiveAgentsManager.swift; sourceTree = "<group>"; };
		C54CD7BC2C5E8C3A001E749B /* HeartRateAnimationView.swift */ = {isa = PBXFileReference; lastKnownFileType = sourcecode.swift; path = HeartRateAnimationView.swift; sourceTree = "<group>"; };
		C54CD7BE2C5F098C001E749B /* Config.plist */ = {isa = PBXFileReference; lastKnownFileType = text.plist.xml; path = Config.plist; sourceTree = "<group>"; };
		C59F3D132C565CDE0047D394 /* HeartRateData+CoreDataClass.swift */ = {isa = PBXFileReference; lastKnownFileType = sourcecode.swift; path = "HeartRateData+CoreDataClass.swift"; sourceTree = "<group>"; };
		C59F3D142C565CDE0047D394 /* HeartRateData+CoreDataProperties.swift */ = {isa = PBXFileReference; lastKnownFileType = sourcecode.swift; path = "HeartRateData+CoreDataProperties.swift"; sourceTree = "<group>"; };
		C59F3D152C565CDE0047D394 /* StepData+CoreDataClass.swift */ = {isa = PBXFileReference; lastKnownFileType = sourcecode.swift; path = "StepData+CoreDataClass.swift"; sourceTree = "<group>"; };
		C59F3D162C565CDE0047D394 /* StepData+CoreDataProperties.swift */ = {isa = PBXFileReference; lastKnownFileType = sourcecode.swift; path = "StepData+CoreDataProperties.swift"; sourceTree = "<group>"; };
		C59F3D172C565CDE0047D394 /* Metadata+CoreDataClass.swift */ = {isa = PBXFileReference; lastKnownFileType = sourcecode.swift; path = "Metadata+CoreDataClass.swift"; sourceTree = "<group>"; };
		C59F3D182C565CDE0047D394 /* Metadata+CoreDataProperties.swift */ = {isa = PBXFileReference; lastKnownFileType = sourcecode.swift; path = "Metadata+CoreDataProperties.swift"; sourceTree = "<group>"; };
		C59F3D192C565CDE0047D394 /* SleepData+CoreDataClass.swift */ = {isa = PBXFileReference; lastKnownFileType = sourcecode.swift; path = "SleepData+CoreDataClass.swift"; sourceTree = "<group>"; };
		C59F3D1A2C565CDE0047D394 /* SleepData+CoreDataProperties.swift */ = {isa = PBXFileReference; lastKnownFileType = sourcecode.swift; path = "SleepData+CoreDataProperties.swift"; sourceTree = "<group>"; };
		C59F3D232C565D240047D394 /* CoreDataStack.swift */ = {isa = PBXFileReference; lastKnownFileType = sourcecode.swift; path = CoreDataStack.swift; sourceTree = "<group>"; };
		C59F3D272C5661600047D394 /* QueryHelper.swift */ = {isa = PBXFileReference; lastKnownFileType = sourcecode.swift; path = QueryHelper.swift; sourceTree = "<group>"; };
		C59F3D292C5661D10047D394 /* QueryHandler.swift */ = {isa = PBXFileReference; lastKnownFileType = sourcecode.swift; path = QueryHandler.swift; sourceTree = "<group>"; };
		C59F3D2B2C5663B40047D394 /* HealthKitAgent.swift */ = {isa = PBXFileReference; lastKnownFileType = sourcecode.swift; path = HealthKitAgent.swift; sourceTree = "<group>"; };
		C5E58B942C0E754400C93FC6 /* HeartRateAgent.swift */ = {isa = PBXFileReference; lastKnownFileType = sourcecode.swift; path = HeartRateAgent.swift; sourceTree = "<group>"; };
		C5E58B962C0E8A7200C93FC6 /* WorkoutsAgent.swift */ = {isa = PBXFileReference; lastKnownFileType = sourcecode.swift; path = WorkoutsAgent.swift; sourceTree = "<group>"; };
/* End PBXFileReference section */

/* Begin PBXFrameworksBuildPhase section */
		C535112E2BEAFD9900766819 /* Frameworks */ = {
			isa = PBXFrameworksBuildPhase;
			buildActionMask = 2147483647;
			files = (
				C52BBB4F2C55D98900B63A7E /* CoreData.framework in Frameworks */,
			);
			runOnlyForDeploymentPostprocessing = 0;
		};
		C535113F2BEAFD9A00766819 /* Frameworks */ = {
			isa = PBXFrameworksBuildPhase;
			buildActionMask = 2147483647;
			files = (
			);
			runOnlyForDeploymentPostprocessing = 0;
		};
		C53511492BEAFD9A00766819 /* Frameworks */ = {
			isa = PBXFrameworksBuildPhase;
			buildActionMask = 2147483647;
			files = (
			);
			runOnlyForDeploymentPostprocessing = 0;
		};
/* End PBXFrameworksBuildPhase section */

/* Begin PBXGroup section */
		C52BBB4D2C55D98900B63A7E /* Frameworks */ = {
			isa = PBXGroup;
			children = (
				C52BBB4E2C55D98900B63A7E /* CoreData.framework */,
			);
			name = Frameworks;
			sourceTree = "<group>";
		};
		C52BBB902C565A8F00B63A7E /* CoreData */ = {
			isa = PBXGroup;
			children = (
				C59F3D132C565CDE0047D394 /* HeartRateData+CoreDataClass.swift */,
				C59F3D142C565CDE0047D394 /* HeartRateData+CoreDataProperties.swift */,
				C59F3D152C565CDE0047D394 /* StepData+CoreDataClass.swift */,
				C59F3D162C565CDE0047D394 /* StepData+CoreDataProperties.swift */,
				C59F3D172C565CDE0047D394 /* Metadata+CoreDataClass.swift */,
				C59F3D182C565CDE0047D394 /* Metadata+CoreDataProperties.swift */,
				C59F3D192C565CDE0047D394 /* SleepData+CoreDataClass.swift */,
				C59F3D1A2C565CDE0047D394 /* SleepData+CoreDataProperties.swift */,
				C59F3D232C565D240047D394 /* CoreDataStack.swift */,
			);
			path = CoreData;
			sourceTree = "<group>";
		};
		C53511282BEAFD9900766819 = {
			isa = PBXGroup;
			children = (
				C53511332BEAFD9900766819 /* AI Health Assistant */,
				C53511452BEAFD9A00766819 /* AI Health AssistantTests */,
				C535114F2BEAFD9A00766819 /* AI Health AssistantUITests */,
				C53511322BEAFD9900766819 /* Products */,
				C52BBB4D2C55D98900B63A7E /* Frameworks */,
			);
			sourceTree = "<group>";
		};
		C53511322BEAFD9900766819 /* Products */ = {
			isa = PBXGroup;
			children = (
				C53511312BEAFD9900766819 /* AI Health Assistant.app */,
				C53511422BEAFD9A00766819 /* AI Health AssistantTests.xctest */,
				C535114C2BEAFD9A00766819 /* AI Health AssistantUITests.xctest */,
			);
			name = Products;
			sourceTree = "<group>";
		};
		C53511332BEAFD9900766819 /* AI Health Assistant */ = {
			isa = PBXGroup;
			children = (
				C54CD7B92C5DC40D001E749B /* AI-Health-Assistant-Info.plist */,
				C54CD7B52C5DC368001E749B /* Resources */,
				C54CD7A52C5D9A05001E749B /* UI */,
				C59F3D262C56614C0047D394 /* ChatGPT */,
				C59F3D252C5660710047D394 /* HealthKit */,
				C52BBB902C565A8F00B63A7E /* CoreData */,
				C53511342BEAFD9900766819 /* AI_Health_AssistantApp.swift */,
				C53511382BEAFD9A00766819 /* Assets.xcassets */,
				C535113A2BEAFD9A00766819 /* AI_Health_Assistant.entitlements */,
				C535113B2BEAFD9A00766819 /* Preview Content */,
				C52BBB532C55D9B400B63A7E /* Model.xcdatamodeld */,
			);
			path = "AI Health Assistant";
			sourceTree = "<group>";
		};
		C535113B2BEAFD9A00766819 /* Preview Content */ = {
			isa = PBXGroup;
			children = (
				C535113C2BEAFD9A00766819 /* Preview Assets.xcassets */,
			);
			path = "Preview Content";
			sourceTree = "<group>";
		};
		C53511452BEAFD9A00766819 /* AI Health AssistantTests */ = {
			isa = PBXGroup;
			children = (
				C53511462BEAFD9A00766819 /* AI_Health_AssistantTests.swift */,
			);
			path = "AI Health AssistantTests";
			sourceTree = "<group>";
		};
		C535114F2BEAFD9A00766819 /* AI Health AssistantUITests */ = {
			isa = PBXGroup;
			children = (
				C53511502BEAFD9A00766819 /* AI_Health_AssistantUITests.swift */,
				C53511522BEAFD9A00766819 /* AI_Health_AssistantUITestsLaunchTests.swift */,
			);
			path = "AI Health AssistantUITests";
			sourceTree = "<group>";
		};
		C54CD7A52C5D9A05001E749B /* UI */ = {
			isa = PBXGroup;
			children = (
				C53511362BEAFD9900766819 /* ChatBotView.swift */,
				C54CD7A62C5D9AC6001E749B /* HeaderView.swift */,
				C54CD7A82C5D9AD6001E749B /* ChatView.swift */,
				C54CD7AA2C5D9AF6001E749B /* InputView.swift */,
				C54CD7AC2C5D9B8B001E749B /* Message.swift */,
				C54CD7AE2C5D9C35001E749B /* MessageView.swift */,
				C54CD7B02C5D9C49001E749B /* TypingIndicatorView.swift */,
				C54CD7B22C5D9CFD001E749B /* AIResponseView.swift */,
				C54CD7BC2C5E8C3A001E749B /* HeartRateAnimationView.swift */,
			);
			name = UI;
			path = "AI Health Assistant/UI";
			sourceTree = SOURCE_ROOT;
		};
		C54CD7B52C5DC368001E749B /* Resources */ = {
			isa = PBXGroup;
			children = (
				C54CD7B62C5DC368001E749B /* Fonts */,
				C54CD7BE2C5F098C001E749B /* Config.plist */,
			);
			path = Resources;
			sourceTree = "<group>";
		};
		C54CD7B62C5DC368001E749B /* Fonts */ = {
			isa = PBXGroup;
			children = (
				C54CD7B72C5DC3CA001E749B /* JosefinSans-VariableFont_wght.ttf */,
			);
			path = Fonts;
			sourceTree = "<group>";
		};
		C59F3D252C5660710047D394 /* HealthKit */ = {
			isa = PBXGroup;
			children = (
				C59F3D2B2C5663B40047D394 /* HealthKitAgent.swift */,
				C5E58B962C0E8A7200C93FC6 /* WorkoutsAgent.swift */,
				C5E58B942C0E754400C93FC6 /* HeartRateAgent.swift */,
			);
			path = HealthKit;
			sourceTree = "<group>";
		};
		C59F3D262C56614C0047D394 /* ChatGPT */ = {
			isa = PBXGroup;
			children = (
				C535115F2BEB01B000766819 /* ChatGPTAPIClient.swift */,
				C59F3D272C5661600047D394 /* QueryHelper.swift */,
				C59F3D292C5661D10047D394 /* QueryHandler.swift */,
				C54CD7BA2C5E8868001E749B /* ActiveAgentsManager.swift */,
			);
			path = ChatGPT;
			sourceTree = "<group>";
		};
/* End PBXGroup section */

/* Begin PBXNativeTarget section */
		C53511302BEAFD9900766819 /* AI Health Assistant */ = {
			isa = PBXNativeTarget;
			buildConfigurationList = C53511562BEAFD9A00766819 /* Build configuration list for PBXNativeTarget "AI Health Assistant" */;
			buildPhases = (
				C535112D2BEAFD9900766819 /* Sources */,
				C535112E2BEAFD9900766819 /* Frameworks */,
				C535112F2BEAFD9900766819 /* Resources */,
			);
			buildRules = (
			);
			dependencies = (
			);
			name = "AI Health Assistant";
			productName = "AI Health Assistant";
			productReference = C53511312BEAFD9900766819 /* AI Health Assistant.app */;
			productType = "com.apple.product-type.application";
		};
		C53511412BEAFD9A00766819 /* AI Health AssistantTests */ = {
			isa = PBXNativeTarget;
			buildConfigurationList = C53511592BEAFD9A00766819 /* Build configuration list for PBXNativeTarget "AI Health AssistantTests" */;
			buildPhases = (
				C535113E2BEAFD9A00766819 /* Sources */,
				C535113F2BEAFD9A00766819 /* Frameworks */,
				C53511402BEAFD9A00766819 /* Resources */,
			);
			buildRules = (
			);
			dependencies = (
				C53511442BEAFD9A00766819 /* PBXTargetDependency */,
			);
			name = "AI Health AssistantTests";
			productName = "AI Health AssistantTests";
			productReference = C53511422BEAFD9A00766819 /* AI Health AssistantTests.xctest */;
			productType = "com.apple.product-type.bundle.unit-test";
		};
		C535114B2BEAFD9A00766819 /* AI Health AssistantUITests */ = {
			isa = PBXNativeTarget;
			buildConfigurationList = C535115C2BEAFD9A00766819 /* Build configuration list for PBXNativeTarget "AI Health AssistantUITests" */;
			buildPhases = (
				C53511482BEAFD9A00766819 /* Sources */,
				C53511492BEAFD9A00766819 /* Frameworks */,
				C535114A2BEAFD9A00766819 /* Resources */,
			);
			buildRules = (
			);
			dependencies = (
				C535114E2BEAFD9A00766819 /* PBXTargetDependency */,
			);
			name = "AI Health AssistantUITests";
			productName = "AI Health AssistantUITests";
			productReference = C535114C2BEAFD9A00766819 /* AI Health AssistantUITests.xctest */;
			productType = "com.apple.product-type.bundle.ui-testing";
		};
/* End PBXNativeTarget section */

/* Begin PBXProject section */
		C53511292BEAFD9900766819 /* Project object */ = {
			isa = PBXProject;
			attributes = {
				BuildIndependentTargetsInParallel = 1;
				LastSwiftUpdateCheck = 1500;
				LastUpgradeCheck = 1500;
				TargetAttributes = {
					C53511302BEAFD9900766819 = {
						CreatedOnToolsVersion = 15.0.1;
					};
					C53511412BEAFD9A00766819 = {
						CreatedOnToolsVersion = 15.0.1;
						TestTargetID = C53511302BEAFD9900766819;
					};
					C535114B2BEAFD9A00766819 = {
						CreatedOnToolsVersion = 15.0.1;
						TestTargetID = C53511302BEAFD9900766819;
					};
				};
			};
			buildConfigurationList = C535112C2BEAFD9900766819 /* Build configuration list for PBXProject "AI Health Assistant" */;
			compatibilityVersion = "Xcode 14.0";
			developmentRegion = en;
			hasScannedForEncodings = 0;
			knownRegions = (
				en,
				Base,
			);
			mainGroup = C53511282BEAFD9900766819;
			productRefGroup = C53511322BEAFD9900766819 /* Products */;
			projectDirPath = "";
			projectRoot = "";
			targets = (
				C53511302BEAFD9900766819 /* AI Health Assistant */,
				C53511412BEAFD9A00766819 /* AI Health AssistantTests */,
				C535114B2BEAFD9A00766819 /* AI Health AssistantUITests */,
			);
		};
/* End PBXProject section */

/* Begin PBXResourcesBuildPhase section */
		C535112F2BEAFD9900766819 /* Resources */ = {
			isa = PBXResourcesBuildPhase;
			buildActionMask = 2147483647;
			files = (
				C54CD7BF2C5F098C001E749B /* Config.plist in Resources */,
				C535113D2BEAFD9A00766819 /* Preview Assets.xcassets in Resources */,
				C53511392BEAFD9A00766819 /* Assets.xcassets in Resources */,
				C54CD7B82C5DC3CA001E749B /* JosefinSans-VariableFont_wght.ttf in Resources */,
			);
			runOnlyForDeploymentPostprocessing = 0;
		};
		C53511402BEAFD9A00766819 /* Resources */ = {
			isa = PBXResourcesBuildPhase;
			buildActionMask = 2147483647;
			files = (
			);
			runOnlyForDeploymentPostprocessing = 0;
		};
		C535114A2BEAFD9A00766819 /* Resources */ = {
			isa = PBXResourcesBuildPhase;
			buildActionMask = 2147483647;
			files = (
			);
			runOnlyForDeploymentPostprocessing = 0;
		};
/* End PBXResourcesBuildPhase section */

/* Begin PBXSourcesBuildPhase section */
		C535112D2BEAFD9900766819 /* Sources */ = {
			isa = PBXSourcesBuildPhase;
			buildActionMask = 2147483647;
			files = (
				C59F3D1C2C565CDE0047D394 /* HeartRateData+CoreDataProperties.swift in Sources */,
				C5E58B952C0E754400C93FC6 /* HeartRateAgent.swift in Sources */,
				C59F3D282C5661600047D394 /* QueryHelper.swift in Sources */,
				C53511372BEAFD9900766819 /* ChatBotView.swift in Sources */,
				C59F3D1D2C565CDE0047D394 /* StepData+CoreDataClass.swift in Sources */,
				C59F3D1E2C565CDE0047D394 /* StepData+CoreDataProperties.swift in Sources */,
				C54CD7A72C5D9AC6001E749B /* HeaderView.swift in Sources */,
				C54CD7B32C5D9CFD001E749B /* AIResponseView.swift in Sources */,
				C53511352BEAFD9900766819 /* AI_Health_AssistantApp.swift in Sources */,
				C52BBB552C55D9B400B63A7E /* Model.xcdatamodeld in Sources */,
				C59F3D242C565D240047D394 /* CoreDataStack.swift in Sources */,
				C59F3D2A2C5661D10047D394 /* QueryHandler.swift in Sources */,
				C59F3D212C565CDE0047D394 /* SleepData+CoreDataClass.swift in Sources */,
				C54CD7A92C5D9AD6001E749B /* ChatView.swift in Sources */,
				C59F3D2C2C5663B40047D394 /* HealthKitAgent.swift in Sources */,
				C5E58B972C0E8A7200C93FC6 /* WorkoutsAgent.swift in Sources */,
				C54CD7B12C5D9C49001E749B /* TypingIndicatorView.swift in Sources */,
				C54CD7AB2C5D9AF6001E749B /* InputView.swift in Sources */,
				C59F3D1F2C565CDE0047D394 /* Metadata+CoreDataClass.swift in Sources */,
				C54CD7AD2C5D9B8B001E749B /* Message.swift in Sources */,
				C59F3D1B2C565CDE0047D394 /* HeartRateData+CoreDataClass.swift in Sources */,
				C53511602BEB01B000766819 /* ChatGPTAPIClient.swift in Sources */,
				C54CD7BD2C5E8C3A001E749B /* HeartRateAnimationView.swift in Sources */,
				C54CD7AF2C5D9C35001E749B /* MessageView.swift in Sources */,
				C54CD7BB2C5E8868001E749B /* ActiveAgentsManager.swift in Sources */,
				C59F3D202C565CDE0047D394 /* Metadata+CoreDataProperties.swift in Sources */,
				C59F3D222C565CDE0047D394 /* SleepData+CoreDataProperties.swift in Sources */,
			);
			runOnlyForDeploymentPostprocessing = 0;
		};
		C535113E2BEAFD9A00766819 /* Sources */ = {
			isa = PBXSourcesBuildPhase;
			buildActionMask = 2147483647;
			files = (
				C53511472BEAFD9A00766819 /* AI_Health_AssistantTests.swift in Sources */,
			);
			runOnlyForDeploymentPostprocessing = 0;
		};
		C53511482BEAFD9A00766819 /* Sources */ = {
			isa = PBXSourcesBuildPhase;
			buildActionMask = 2147483647;
			files = (
				C53511512BEAFD9A00766819 /* AI_Health_AssistantUITests.swift in Sources */,
				C53511532BEAFD9A00766819 /* AI_Health_AssistantUITestsLaunchTests.swift in Sources */,
			);
			runOnlyForDeploymentPostprocessing = 0;
		};
/* End PBXSourcesBuildPhase section */

/* Begin PBXTargetDependency section */
		C53511442BEAFD9A00766819 /* PBXTargetDependency */ = {
			isa = PBXTargetDependency;
			target = C53511302BEAFD9900766819 /* AI Health Assistant */;
			targetProxy = C53511432BEAFD9A00766819 /* PBXContainerItemProxy */;
		};
		C535114E2BEAFD9A00766819 /* PBXTargetDependency */ = {
			isa = PBXTargetDependency;
			target = C53511302BEAFD9900766819 /* AI Health Assistant */;
			targetProxy = C535114D2BEAFD9A00766819 /* PBXContainerItemProxy */;
		};
/* End PBXTargetDependency section */

/* Begin XCBuildConfiguration section */
		C53511542BEAFD9A00766819 /* Debug */ = {
			isa = XCBuildConfiguration;
			buildSettings = {
				ALWAYS_SEARCH_USER_PATHS = NO;
				ASSETCATALOG_COMPILER_GENERATE_SWIFT_ASSET_SYMBOL_EXTENSIONS = YES;
				CLANG_ANALYZER_NONNULL = YES;
				CLANG_ANALYZER_NUMBER_OBJECT_CONVERSION = YES_AGGRESSIVE;
				CLANG_CXX_LANGUAGE_STANDARD = "gnu++20";
				CLANG_ENABLE_MODULES = YES;
				CLANG_ENABLE_OBJC_ARC = YES;
				CLANG_ENABLE_OBJC_WEAK = YES;
				CLANG_WARN_BLOCK_CAPTURE_AUTORELEASING = YES;
				CLANG_WARN_BOOL_CONVERSION = YES;
				CLANG_WARN_COMMA = YES;
				CLANG_WARN_CONSTANT_CONVERSION = YES;
				CLANG_WARN_DEPRECATED_OBJC_IMPLEMENTATIONS = YES;
				CLANG_WARN_DIRECT_OBJC_ISA_USAGE = YES_ERROR;
				CLANG_WARN_DOCUMENTATION_COMMENTS = YES;
				CLANG_WARN_EMPTY_BODY = YES;
				CLANG_WARN_ENUM_CONVERSION = YES;
				CLANG_WARN_INFINITE_RECURSION = YES;
				CLANG_WARN_INT_CONVERSION = YES;
				CLANG_WARN_NON_LITERAL_NULL_CONVERSION = YES;
				CLANG_WARN_OBJC_IMPLICIT_RETAIN_SELF = YES;
				CLANG_WARN_OBJC_LITERAL_CONVERSION = YES;
				CLANG_WARN_OBJC_ROOT_CLASS = YES_ERROR;
				CLANG_WARN_QUOTED_INCLUDE_IN_FRAMEWORK_HEADER = YES;
				CLANG_WARN_RANGE_LOOP_ANALYSIS = YES;
				CLANG_WARN_STRICT_PROTOTYPES = YES;
				CLANG_WARN_SUSPICIOUS_MOVE = YES;
				CLANG_WARN_UNGUARDED_AVAILABILITY = YES_AGGRESSIVE;
				CLANG_WARN_UNREACHABLE_CODE = YES;
				CLANG_WARN__DUPLICATE_METHOD_MATCH = YES;
				COPY_PHASE_STRIP = NO;
				DEBUG_INFORMATION_FORMAT = dwarf;
				ENABLE_STRICT_OBJC_MSGSEND = YES;
				ENABLE_TESTABILITY = YES;
				ENABLE_USER_SCRIPT_SANDBOXING = YES;
				GCC_C_LANGUAGE_STANDARD = gnu17;
				GCC_DYNAMIC_NO_PIC = NO;
				GCC_NO_COMMON_BLOCKS = YES;
				GCC_OPTIMIZATION_LEVEL = 0;
				GCC_PREPROCESSOR_DEFINITIONS = (
					"DEBUG=1",
					"$(inherited)",
				);
				GCC_WARN_64_TO_32_BIT_CONVERSION = YES;
				GCC_WARN_ABOUT_RETURN_TYPE = YES_ERROR;
				GCC_WARN_UNDECLARED_SELECTOR = YES;
				GCC_WARN_UNINITIALIZED_AUTOS = YES_AGGRESSIVE;
				GCC_WARN_UNUSED_FUNCTION = YES;
				GCC_WARN_UNUSED_VARIABLE = YES;
				LOCALIZATION_PREFERS_STRING_CATALOGS = YES;
				MTL_ENABLE_DEBUG_INFO = INCLUDE_SOURCE;
				MTL_FAST_MATH = YES;
				ONLY_ACTIVE_ARCH = YES;
				SWIFT_ACTIVE_COMPILATION_CONDITIONS = "DEBUG $(inherited)";
				SWIFT_OPTIMIZATION_LEVEL = "-Onone";
			};
			name = Debug;
		};
		C53511552BEAFD9A00766819 /* Release */ = {
			isa = XCBuildConfiguration;
			buildSettings = {
				ALWAYS_SEARCH_USER_PATHS = NO;
				ASSETCATALOG_COMPILER_GENERATE_SWIFT_ASSET_SYMBOL_EXTENSIONS = YES;
				CLANG_ANALYZER_NONNULL = YES;
				CLANG_ANALYZER_NUMBER_OBJECT_CONVERSION = YES_AGGRESSIVE;
				CLANG_CXX_LANGUAGE_STANDARD = "gnu++20";
				CLANG_ENABLE_MODULES = YES;
				CLANG_ENABLE_OBJC_ARC = YES;
				CLANG_ENABLE_OBJC_WEAK = YES;
				CLANG_WARN_BLOCK_CAPTURE_AUTORELEASING = YES;
				CLANG_WARN_BOOL_CONVERSION = YES;
				CLANG_WARN_COMMA = YES;
				CLANG_WARN_CONSTANT_CONVERSION = YES;
				CLANG_WARN_DEPRECATED_OBJC_IMPLEMENTATIONS = YES;
				CLANG_WARN_DIRECT_OBJC_ISA_USAGE = YES_ERROR;
				CLANG_WARN_DOCUMENTATION_COMMENTS = YES;
				CLANG_WARN_EMPTY_BODY = YES;
				CLANG_WARN_ENUM_CONVERSION = YES;
				CLANG_WARN_INFINITE_RECURSION = YES;
				CLANG_WARN_INT_CONVERSION = YES;
				CLANG_WARN_NON_LITERAL_NULL_CONVERSION = YES;
				CLANG_WARN_OBJC_IMPLICIT_RETAIN_SELF = YES;
				CLANG_WARN_OBJC_LITERAL_CONVERSION = YES;
				CLANG_WARN_OBJC_ROOT_CLASS = YES_ERROR;
				CLANG_WARN_QUOTED_INCLUDE_IN_FRAMEWORK_HEADER = YES;
				CLANG_WARN_RANGE_LOOP_ANALYSIS = YES;
				CLANG_WARN_STRICT_PROTOTYPES = YES;
				CLANG_WARN_SUSPICIOUS_MOVE = YES;
				CLANG_WARN_UNGUARDED_AVAILABILITY = YES_AGGRESSIVE;
				CLANG_WARN_UNREACHABLE_CODE = YES;
				CLANG_WARN__DUPLICATE_METHOD_MATCH = YES;
				COPY_PHASE_STRIP = NO;
				DEBUG_INFORMATION_FORMAT = "dwarf-with-dsym";
				ENABLE_NS_ASSERTIONS = NO;
				ENABLE_STRICT_OBJC_MSGSEND = YES;
				ENABLE_USER_SCRIPT_SANDBOXING = YES;
				GCC_C_LANGUAGE_STANDARD = gnu17;
				GCC_NO_COMMON_BLOCKS = YES;
				GCC_WARN_64_TO_32_BIT_CONVERSION = YES;
				GCC_WARN_ABOUT_RETURN_TYPE = YES_ERROR;
				GCC_WARN_UNDECLARED_SELECTOR = YES;
				GCC_WARN_UNINITIALIZED_AUTOS = YES_AGGRESSIVE;
				GCC_WARN_UNUSED_FUNCTION = YES;
				GCC_WARN_UNUSED_VARIABLE = YES;
				LOCALIZATION_PREFERS_STRING_CATALOGS = YES;
				MTL_ENABLE_DEBUG_INFO = NO;
				MTL_FAST_MATH = YES;
				SWIFT_COMPILATION_MODE = wholemodule;
			};
			name = Release;
		};
		C53511572BEAFD9A00766819 /* Debug */ = {
			isa = XCBuildConfiguration;
			buildSettings = {
				ASSETCATALOG_COMPILER_APPICON_NAME = AppIcon;
				ASSETCATALOG_COMPILER_GLOBAL_ACCENT_COLOR_NAME = AccentColor;
				CODE_SIGN_ENTITLEMENTS = "AI Health Assistant/AI_Health_Assistant.entitlements";
				CODE_SIGN_STYLE = Automatic;
				CURRENT_PROJECT_VERSION = 1;
				DEVELOPMENT_ASSET_PATHS = "\"AI Health Assistant/Preview Content\"";
				DEVELOPMENT_TEAM = VN8U34C2B8;
				ENABLE_HARDENED_RUNTIME = YES;
				ENABLE_PREVIEWS = YES;
				GENERATE_INFOPLIST_FILE = YES;
				INFOPLIST_FILE = "AI-Health-Assistant-Info.plist";
				INFOPLIST_KEY_NSHealthShareUsageDescription = "\"Access to your health data allows the app to provide personalized insights, track your progress, and offer tailored recommendations based on your activity and fitness levels\"";
				INFOPLIST_KEY_NSHealthUpdateUsageDescription = "\"By granting access to write health data, you can securely store and manage your health information within the app and sync it with the Health app\"";
				"INFOPLIST_KEY_UIApplicationSceneManifest_Generation[sdk=iphoneos*]" = YES;
				"INFOPLIST_KEY_UIApplicationSceneManifest_Generation[sdk=iphonesimulator*]" = YES;
				"INFOPLIST_KEY_UIApplicationSupportsIndirectInputEvents[sdk=iphoneos*]" = YES;
				"INFOPLIST_KEY_UIApplicationSupportsIndirectInputEvents[sdk=iphonesimulator*]" = YES;
				"INFOPLIST_KEY_UILaunchScreen_Generation[sdk=iphoneos*]" = YES;
				"INFOPLIST_KEY_UILaunchScreen_Generation[sdk=iphonesimulator*]" = YES;
				"INFOPLIST_KEY_UIStatusBarStyle[sdk=iphoneos*]" = UIStatusBarStyleDefault;
				"INFOPLIST_KEY_UIStatusBarStyle[sdk=iphonesimulator*]" = UIStatusBarStyleDefault;
				INFOPLIST_KEY_UISupportedInterfaceOrientations_iPad = "UIInterfaceOrientationPortrait UIInterfaceOrientationPortraitUpsideDown UIInterfaceOrientationLandscapeLeft UIInterfaceOrientationLandscapeRight";
				INFOPLIST_KEY_UISupportedInterfaceOrientations_iPhone = "UIInterfaceOrientationPortrait UIInterfaceOrientationLandscapeLeft UIInterfaceOrientationLandscapeRight";
				IPHONEOS_DEPLOYMENT_TARGET = 17.0;
				LD_RUNPATH_SEARCH_PATHS = "@executable_path/Frameworks";
				"LD_RUNPATH_SEARCH_PATHS[sdk=macosx*]" = "@executable_path/../Frameworks";
				MACOSX_DEPLOYMENT_TARGET = 14.0;
				MARKETING_VERSION = 1.0;
				PRODUCT_BUNDLE_IDENTIFIER = "owenkhoury.AI-Health-Assistant";
				PRODUCT_NAME = "$(TARGET_NAME)";
				SDKROOT = auto;
				SUPPORTED_PLATFORMS = "iphoneos iphonesimulator";
				SUPPORTS_MACCATALYST = NO;
				SWIFT_EMIT_LOC_STRINGS = YES;
				SWIFT_VERSION = 5.0;
				TARGETED_DEVICE_FAMILY = 1;
			};
			name = Debug;
		};
		C53511582BEAFD9A00766819 /* Release */ = {
			isa = XCBuildConfiguration;
			buildSettings = {
				ASSETCATALOG_COMPILER_APPICON_NAME = AppIcon;
				ASSETCATALOG_COMPILER_GLOBAL_ACCENT_COLOR_NAME = AccentColor;
				CODE_SIGN_ENTITLEMENTS = "AI Health Assistant/AI_Health_Assistant.entitlements";
				CODE_SIGN_STYLE = Automatic;
				CURRENT_PROJECT_VERSION = 1;
				DEVELOPMENT_ASSET_PATHS = "\"AI Health Assistant/Preview Content\"";
				DEVELOPMENT_TEAM = VN8U34C2B8;
				ENABLE_HARDENED_RUNTIME = YES;
				ENABLE_PREVIEWS = YES;
				GENERATE_INFOPLIST_FILE = YES;
				INFOPLIST_FILE = "AI-Health-Assistant-Info.plist";
				INFOPLIST_KEY_NSHealthShareUsageDescription = "\"Access to your health data allows the app to provide personalized insights, track your progress, and offer tailored recommendations based on your activity and fitness levels\"";
				INFOPLIST_KEY_NSHealthUpdateUsageDescription = "\"By granting access to write health data, you can securely store and manage your health information within the app and sync it with the Health app\"";
				"INFOPLIST_KEY_UIApplicationSceneManifest_Generation[sdk=iphoneos*]" = YES;
				"INFOPLIST_KEY_UIApplicationSceneManifest_Generation[sdk=iphonesimulator*]" = YES;
				"INFOPLIST_KEY_UIApplicationSupportsIndirectInputEvents[sdk=iphoneos*]" = YES;
				"INFOPLIST_KEY_UIApplicationSupportsIndirectInputEvents[sdk=iphonesimulator*]" = YES;
				"INFOPLIST_KEY_UILaunchScreen_Generation[sdk=iphoneos*]" = YES;
				"INFOPLIST_KEY_UILaunchScreen_Generation[sdk=iphonesimulator*]" = YES;
				"INFOPLIST_KEY_UIStatusBarStyle[sdk=iphoneos*]" = UIStatusBarStyleDefault;
				"INFOPLIST_KEY_UIStatusBarStyle[sdk=iphonesimulator*]" = UIStatusBarStyleDefault;
				INFOPLIST_KEY_UISupportedInterfaceOrientations_iPad = "UIInterfaceOrientationPortrait UIInterfaceOrientationPortraitUpsideDown UIInterfaceOrientationLandscapeLeft UIInterfaceOrientationLandscapeRight";
				INFOPLIST_KEY_UISupportedInterfaceOrientations_iPhone = "UIInterfaceOrientationPortrait UIInterfaceOrientationLandscapeLeft UIInterfaceOrientationLandscapeRight";
				IPHONEOS_DEPLOYMENT_TARGET = 17.0;
				LD_RUNPATH_SEARCH_PATHS = "@executable_path/Frameworks";
				"LD_RUNPATH_SEARCH_PATHS[sdk=macosx*]" = "@executable_path/../Frameworks";
				MACOSX_DEPLOYMENT_TARGET = 14.0;
				MARKETING_VERSION = 1.0;
				PRODUCT_BUNDLE_IDENTIFIER = "owenkhoury.AI-Health-Assistant";
				PRODUCT_NAME = "$(TARGET_NAME)";
				SDKROOT = auto;
				SUPPORTED_PLATFORMS = "iphoneos iphonesimulator";
				SUPPORTS_MACCATALYST = NO;
				SWIFT_EMIT_LOC_STRINGS = YES;
				SWIFT_VERSION = 5.0;
				TARGETED_DEVICE_FAMILY = 1;
			};
			name = Release;
		};
		C535115A2BEAFD9A00766819 /* Debug */ = {
			isa = XCBuildConfiguration;
			buildSettings = {
				ALWAYS_EMBED_SWIFT_STANDARD_LIBRARIES = YES;
				BUNDLE_LOADER = "$(TEST_HOST)";
				CODE_SIGN_STYLE = Automatic;
				CURRENT_PROJECT_VERSION = 1;
				DEVELOPMENT_TEAM = VN8U34C2B8;
				GENERATE_INFOPLIST_FILE = YES;
				IPHONEOS_DEPLOYMENT_TARGET = 17.0;
				MACOSX_DEPLOYMENT_TARGET = 14.0;
				MARKETING_VERSION = 1.0;
				PRODUCT_BUNDLE_IDENTIFIER = "owenkhoury.AI-Health-AssistantTests";
				PRODUCT_NAME = "$(TARGET_NAME)";
				SDKROOT = auto;
				SUPPORTED_PLATFORMS = "iphoneos iphonesimulator macosx";
				SWIFT_EMIT_LOC_STRINGS = NO;
				SWIFT_VERSION = 5.0;
				TARGETED_DEVICE_FAMILY = "1,2";
				TEST_HOST = "$(BUILT_PRODUCTS_DIR)/AI Health Assistant.app/$(BUNDLE_EXECUTABLE_FOLDER_PATH)/AI Health Assistant";
			};
			name = Debug;
		};
		C535115B2BEAFD9A00766819 /* Release */ = {
			isa = XCBuildConfiguration;
			buildSettings = {
				ALWAYS_EMBED_SWIFT_STANDARD_LIBRARIES = YES;
				BUNDLE_LOADER = "$(TEST_HOST)";
				CODE_SIGN_STYLE = Automatic;
				CURRENT_PROJECT_VERSION = 1;
				DEVELOPMENT_TEAM = VN8U34C2B8;
				GENERATE_INFOPLIST_FILE = YES;
				IPHONEOS_DEPLOYMENT_TARGET = 17.0;
				MACOSX_DEPLOYMENT_TARGET = 14.0;
				MARKETING_VERSION = 1.0;
				PRODUCT_BUNDLE_IDENTIFIER = "owenkhoury.AI-Health-AssistantTests";
				PRODUCT_NAME = "$(TARGET_NAME)";
				SDKROOT = auto;
				SUPPORTED_PLATFORMS = "iphoneos iphonesimulator macosx";
				SWIFT_EMIT_LOC_STRINGS = NO;
				SWIFT_VERSION = 5.0;
				TARGETED_DEVICE_FAMILY = "1,2";
				TEST_HOST = "$(BUILT_PRODUCTS_DIR)/AI Health Assistant.app/$(BUNDLE_EXECUTABLE_FOLDER_PATH)/AI Health Assistant";
			};
			name = Release;
		};
		C535115D2BEAFD9A00766819 /* Debug */ = {
			isa = XCBuildConfiguration;
			buildSettings = {
				ALWAYS_EMBED_SWIFT_STANDARD_LIBRARIES = YES;
				CODE_SIGN_STYLE = Automatic;
				CURRENT_PROJECT_VERSION = 1;
				DEVELOPMENT_TEAM = VN8U34C2B8;
				GENERATE_INFOPLIST_FILE = YES;
				IPHONEOS_DEPLOYMENT_TARGET = 17.0;
				MACOSX_DEPLOYMENT_TARGET = 14.0;
				MARKETING_VERSION = 1.0;
				PRODUCT_BUNDLE_IDENTIFIER = "owenkhoury.AI-Health-AssistantUITests";
				PRODUCT_NAME = "$(TARGET_NAME)";
				SDKROOT = auto;
				SUPPORTED_PLATFORMS = "iphoneos iphonesimulator macosx";
				SWIFT_EMIT_LOC_STRINGS = NO;
				SWIFT_VERSION = 5.0;
				TARGETED_DEVICE_FAMILY = "1,2";
				TEST_TARGET_NAME = "AI Health Assistant";
			};
			name = Debug;
		};
		C535115E2BEAFD9A00766819 /* Release */ = {
			isa = XCBuildConfiguration;
			buildSettings = {
				ALWAYS_EMBED_SWIFT_STANDARD_LIBRARIES = YES;
				CODE_SIGN_STYLE = Automatic;
				CURRENT_PROJECT_VERSION = 1;
				DEVELOPMENT_TEAM = VN8U34C2B8;
				GENERATE_INFOPLIST_FILE = YES;
				IPHONEOS_DEPLOYMENT_TARGET = 17.0;
				MACOSX_DEPLOYMENT_TARGET = 14.0;
				MARKETING_VERSION = 1.0;
				PRODUCT_BUNDLE_IDENTIFIER = "owenkhoury.AI-Health-AssistantUITests";
				PRODUCT_NAME = "$(TARGET_NAME)";
				SDKROOT = auto;
				SUPPORTED_PLATFORMS = "iphoneos iphonesimulator macosx";
				SWIFT_EMIT_LOC_STRINGS = NO;
				SWIFT_VERSION = 5.0;
				TARGETED_DEVICE_FAMILY = "1,2";
				TEST_TARGET_NAME = "AI Health Assistant";
			};
			name = Release;
		};
/* End XCBuildConfiguration section */

/* Begin XCConfigurationList section */
		C535112C2BEAFD9900766819 /* Build configuration list for PBXProject "AI Health Assistant" */ = {
			isa = XCConfigurationList;
			buildConfigurations = (
				C53511542BEAFD9A00766819 /* Debug */,
				C53511552BEAFD9A00766819 /* Release */,
			);
			defaultConfigurationIsVisible = 0;
			defaultConfigurationName = Release;
		};
		C53511562BEAFD9A00766819 /* Build configuration list for PBXNativeTarget "AI Health Assistant" */ = {
			isa = XCConfigurationList;
			buildConfigurations = (
				C53511572BEAFD9A00766819 /* Debug */,
				C53511582BEAFD9A00766819 /* Release */,
			);
			defaultConfigurationIsVisible = 0;
			defaultConfigurationName = Release;
		};
		C53511592BEAFD9A00766819 /* Build configuration list for PBXNativeTarget "AI Health AssistantTests" */ = {
			isa = XCConfigurationList;
			buildConfigurations = (
				C535115A2BEAFD9A00766819 /* Debug */,
				C535115B2BEAFD9A00766819 /* Release */,
			);
			defaultConfigurationIsVisible = 0;
			defaultConfigurationName = Release;
		};
		C535115C2BEAFD9A00766819 /* Build configuration list for PBXNativeTarget "AI Health AssistantUITests" */ = {
			isa = XCConfigurationList;
			buildConfigurations = (
				C535115D2BEAFD9A00766819 /* Debug */,
				C535115E2BEAFD9A00766819 /* Release */,
			);
			defaultConfigurationIsVisible = 0;
			defaultConfigurationName = Release;
		};
/* End XCConfigurationList section */

/* Begin XCVersionGroup section */
		C52BBB532C55D9B400B63A7E /* Model.xcdatamodeld */ = {
			isa = XCVersionGroup;
			children = (
				C52BBB542C55D9B400B63A7E /* Model.xcdatamodel */,
			);
			currentVersion = C52BBB542C55D9B400B63A7E /* Model.xcdatamodel */;
			path = Model.xcdatamodeld;
			sourceTree = "<group>";
			versionGroupType = wrapper.xcdatamodel;
		};
/* End XCVersionGroup section */
	};
	rootObject = C53511292BEAFD9900766819 /* Project object */;
}
